// !$*UTF8*$!
{
	archiveVersion = 1;
	classes = {
	};
	objectVersion = 46;
	objects = {

/* Begin PBXBuildFile section */
		2895FE641EDEEF09009B33BA /* main.m in Sources */ = {isa = PBXBuildFile; fileRef = 2895FE631EDEEF09009B33BA /* main.m */; };
		2895FE671EDEEF09009B33BA /* AppDelegate.m in Sources */ = {isa = PBXBuildFile; fileRef = 2895FE661EDEEF09009B33BA /* AppDelegate.m */; };
		2895FE6A1EDEEF09009B33BA /* ViewController.m in Sources */ = {isa = PBXBuildFile; fileRef = 2895FE691EDEEF09009B33BA /* ViewController.m */; };
		2895FE6D1EDEEF09009B33BA /* Main.storyboard in Resources */ = {isa = PBXBuildFile; fileRef = 2895FE6B1EDEEF09009B33BA /* Main.storyboard */; };
		2895FE6F1EDEEF09009B33BA /* Assets.xcassets in Resources */ = {isa = PBXBuildFile; fileRef = 2895FE6E1EDEEF09009B33BA /* Assets.xcassets */; };
		2895FE721EDEEF09009B33BA /* LaunchScreen.storyboard in Resources */ = {isa = PBXBuildFile; fileRef = 2895FE701EDEEF09009B33BA /* LaunchScreen.storyboard */; };
		2895FE7D1EDEEF09009B33BA /* FamilyTreeTests.m in Sources */ = {isa = PBXBuildFile; fileRef = 2895FE7C1EDEEF09009B33BA /* FamilyTreeTests.m */; };
		2895FE881EDEEF09009B33BA /* FamilyTreeUITests.m in Sources */ = {isa = PBXBuildFile; fileRef = 2895FE871EDEEF09009B33BA /* FamilyTreeUITests.m */; };
		2895FE981EDEFDFD009B33BA /* VHTreeNode.m in Sources */ = {isa = PBXBuildFile; fileRef = 2895FE971EDEFDFD009B33BA /* VHTreeNode.m */; };
		2895FE9E1EDF01D3009B33BA /* VHTreeUtility.m in Sources */ = {isa = PBXBuildFile; fileRef = 2895FE9D1EDF01D3009B33BA /* VHTreeUtility.m */; };
		2895FEA31EDF12E1009B33BA /* DownPicker.m in Sources */ = {isa = PBXBuildFile; fileRef = 2895FEA01EDF12E1009B33BA /* DownPicker.m */; };
		2895FEA41EDF12E1009B33BA /* UIDownPicker.m in Sources */ = {isa = PBXBuildFile; fileRef = 2895FEA21EDF12E1009B33BA /* UIDownPicker.m */; };
/* End PBXBuildFile section */

/* Begin PBXContainerItemProxy section */
		2895FE791EDEEF09009B33BA /* PBXContainerItemProxy */ = {
			isa = PBXContainerItemProxy;
			containerPortal = 2895FE571EDEEF09009B33BA /* Project object */;
			proxyType = 1;
			remoteGlobalIDString = 2895FE5E1EDEEF09009B33BA;
			remoteInfo = FamilyTree;
		};
		2895FE841EDEEF09009B33BA /* PBXContainerItemProxy */ = {
			isa = PBXContainerItemProxy;
			containerPortal = 2895FE571EDEEF09009B33BA /* Project object */;
			proxyType = 1;
			remoteGlobalIDString = 2895FE5E1EDEEF09009B33BA;
			remoteInfo = FamilyTree;
		};
/* End PBXContainerItemProxy section */

/* Begin PBXFileReference section */
		2895FE5F1EDEEF09009B33BA /* FamilyTree.app */ = {isa = PBXFileReference; explicitFileType = wrapper.application; includeInIndex = 0; path = FamilyTree.app; sourceTree = BUILT_PRODUCTS_DIR; };
		2895FE631EDEEF09009B33BA /* main.m */ = {isa = PBXFileReference; lastKnownFileType = sourcecode.c.objc; path = main.m; sourceTree = "<group>"; };
		2895FE651EDEEF09009B33BA /* AppDelegate.h */ = {isa = PBXFileReference; lastKnownFileType = sourcecode.c.h; path = AppDelegate.h; sourceTree = "<group>"; };
		2895FE661EDEEF09009B33BA /* AppDelegate.m */ = {isa = PBXFileReference; lastKnownFileType = sourcecode.c.objc; path = AppDelegate.m; sourceTree = "<group>"; };
		2895FE681EDEEF09009B33BA /* ViewController.h */ = {isa = PBXFileReference; lastKnownFileType = sourcecode.c.h; path = ViewController.h; sourceTree = "<group>"; };
		2895FE691EDEEF09009B33BA /* ViewController.m */ = {isa = PBXFileReference; lastKnownFileType = sourcecode.c.objc; path = ViewController.m; sourceTree = "<group>"; };
		2895FE6C1EDEEF09009B33BA /* Base */ = {isa = PBXFileReference; lastKnownFileType = file.storyboard; name = Base; path = Base.lproj/Main.storyboard; sourceTree = "<group>"; };
		2895FE6E1EDEEF09009B33BA /* Assets.xcassets */ = {isa = PBXFileReference; lastKnownFileType = folder.assetcatalog; path = Assets.xcassets; sourceTree = "<group>"; };
		2895FE711EDEEF09009B33BA /* Base */ = {isa = PBXFileReference; lastKnownFileType = file.storyboard; name = Base; path = Base.lproj/LaunchScreen.storyboard; sourceTree = "<group>"; };
		2895FE731EDEEF09009B33BA /* Info.plist */ = {isa = PBXFileReference; lastKnownFileType = text.plist.xml; path = Info.plist; sourceTree = "<group>"; };
		2895FE781EDEEF09009B33BA /* FamilyTreeTests.xctest */ = {isa = PBXFileReference; explicitFileType = wrapper.cfbundle; includeInIndex = 0; path = FamilyTreeTests.xctest; sourceTree = BUILT_PRODUCTS_DIR; };
		2895FE7C1EDEEF09009B33BA /* FamilyTreeTests.m */ = {isa = PBXFileReference; lastKnownFileType = sourcecode.c.objc; path = FamilyTreeTests.m; sourceTree = "<group>"; };
		2895FE7E1EDEEF09009B33BA /* Info.plist */ = {isa = PBXFileReference; lastKnownFileType = text.plist.xml; path = Info.plist; sourceTree = "<group>"; };
		2895FE831EDEEF09009B33BA /* FamilyTreeUITests.xctest */ = {isa = PBXFileReference; explicitFileType = wrapper.cfbundle; includeInIndex = 0; path = FamilyTreeUITests.xctest; sourceTree = BUILT_PRODUCTS_DIR; };
		2895FE871EDEEF09009B33BA /* FamilyTreeUITests.m */ = {isa = PBXFileReference; lastKnownFileType = sourcecode.c.objc; path = FamilyTreeUITests.m; sourceTree = "<group>"; };
		2895FE891EDEEF09009B33BA /* Info.plist */ = {isa = PBXFileReference; lastKnownFileType = text.plist.xml; path = Info.plist; sourceTree = "<group>"; };
		2895FE961EDEFDFD009B33BA /* VHTreeNode.h */ = {isa = PBXFileReference; fileEncoding = 4; lastKnownFileType = sourcecode.c.h; path = VHTreeNode.h; sourceTree = "<group>"; };
		2895FE971EDEFDFD009B33BA /* VHTreeNode.m */ = {isa = PBXFileReference; fileEncoding = 4; lastKnownFileType = sourcecode.c.objc; path = VHTreeNode.m; sourceTree = "<group>"; };
		2895FE9C1EDF01D3009B33BA /* VHTreeUtility.h */ = {isa = PBXFileReference; fileEncoding = 4; lastKnownFileType = sourcecode.c.h; path = VHTreeUtility.h; sourceTree = "<group>"; };
		2895FE9D1EDF01D3009B33BA /* VHTreeUtility.m */ = {isa = PBXFileReference; fileEncoding = 4; lastKnownFileType = sourcecode.c.objc; path = VHTreeUtility.m; sourceTree = "<group>"; };
		2895FE9F1EDF12E1009B33BA /* DownPicker.h */ = {isa = PBXFileReference; fileEncoding = 4; lastKnownFileType = sourcecode.c.h; path = DownPicker.h; sourceTree = "<group>"; };
		2895FEA01EDF12E1009B33BA /* DownPicker.m */ = {isa = PBXFileReference; fileEncoding = 4; lastKnownFileType = sourcecode.c.objc; path = DownPicker.m; sourceTree = "<group>"; };
		2895FEA11EDF12E1009B33BA /* UIDownPicker.h */ = {isa = PBXFileReference; fileEncoding = 4; lastKnownFileType = sourcecode.c.h; path = UIDownPicker.h; sourceTree = "<group>"; };
		2895FEA21EDF12E1009B33BA /* UIDownPicker.m */ = {isa = PBXFileReference; fileEncoding = 4; lastKnownFileType = sourcecode.c.objc; path = UIDownPicker.m; sourceTree = "<group>"; };
/* End PBXFileReference section */

/* Begin PBXFrameworksBuildPhase section */
		2895FE5C1EDEEF09009B33BA /* Frameworks */ = {
			isa = PBXFrameworksBuildPhase;
			buildActionMask = 2147483647;
			files = (
			);
			runOnlyForDeploymentPostprocessing = 0;
		};
		2895FE751EDEEF09009B33BA /* Frameworks */ = {
			isa = PBXFrameworksBuildPhase;
			buildActionMask = 2147483647;
			files = (
			);
			runOnlyForDeploymentPostprocessing = 0;
		};
		2895FE801EDEEF09009B33BA /* Frameworks */ = {
			isa = PBXFrameworksBuildPhase;
			buildActionMask = 2147483647;
			files = (
			);
			runOnlyForDeploymentPostprocessing = 0;
		};
/* End PBXFrameworksBuildPhase section */

/* Begin PBXGroup section */
		2895FE561EDEEF09009B33BA = {
			isa = PBXGroup;
			children = (
				2895FE611EDEEF09009B33BA /* FamilyTree */,
				2895FE7B1EDEEF09009B33BA /* FamilyTreeTests */,
				2895FE861EDEEF09009B33BA /* FamilyTreeUITests */,
				2895FE601EDEEF09009B33BA /* Products */,
			);
			sourceTree = "<group>";
		};
		2895FE601EDEEF09009B33BA /* Products */ = {
			isa = PBXGroup;
			children = (
				2895FE5F1EDEEF09009B33BA /* FamilyTree.app */,
				2895FE781EDEEF09009B33BA /* FamilyTreeTests.xctest */,
				2895FE831EDEEF09009B33BA /* FamilyTreeUITests.xctest */,
			);
			name = Products;
			sourceTree = "<group>";
		};
		2895FE611EDEEF09009B33BA /* FamilyTree */ = {
			isa = PBXGroup;
			children = (
				2895FE951EDEFDDC009B33BA /* Models */,
				2895FE651EDEEF09009B33BA /* AppDelegate.h */,
				2895FE661EDEEF09009B33BA /* AppDelegate.m */,
				2895FE681EDEEF09009B33BA /* ViewController.h */,
				2895FE691EDEEF09009B33BA /* ViewController.m */,
				2895FE6B1EDEEF09009B33BA /* Main.storyboard */,
				2895FE6E1EDEEF09009B33BA /* Assets.xcassets */,
				2895FE701EDEEF09009B33BA /* LaunchScreen.storyboard */,
				2895FE731EDEEF09009B33BA /* Info.plist */,
				2895FEA51EDF12E5009B33BA /* DownPicker */,
				2895FE621EDEEF09009B33BA /* Supporting Files */,
			);
			path = FamilyTree;
			sourceTree = "<group>";
		};
		2895FE621EDEEF09009B33BA /* Supporting Files */ = {
			isa = PBXGroup;
			children = (
				2895FE631EDEEF09009B33BA /* main.m */,
			);
			name = "Supporting Files";
			sourceTree = "<group>";
		};
		2895FE7B1EDEEF09009B33BA /* FamilyTreeTests */ = {
			isa = PBXGroup;
			children = (
				2895FE7C1EDEEF09009B33BA /* FamilyTreeTests.m */,
				2895FE7E1EDEEF09009B33BA /* Info.plist */,
			);
			path = FamilyTreeTests;
			sourceTree = "<group>";
		};
		2895FE861EDEEF09009B33BA /* FamilyTreeUITests */ = {
			isa = PBXGroup;
			children = (
				2895FE871EDEEF09009B33BA /* FamilyTreeUITests.m */,
				2895FE891EDEEF09009B33BA /* Info.plist */,
			);
			path = FamilyTreeUITests;
			sourceTree = "<group>";
		};
		2895FE951EDEFDDC009B33BA /* Models */ = {
			isa = PBXGroup;
			children = (
				2895FE961EDEFDFD009B33BA /* VHTreeNode.h */,
				2895FE971EDEFDFD009B33BA /* VHTreeNode.m */,
				2895FE9C1EDF01D3009B33BA /* VHTreeUtility.h */,
				2895FE9D1EDF01D3009B33BA /* VHTreeUtility.m */,
			);
			name = Models;
			sourceTree = "<group>";
		};
		2895FEA51EDF12E5009B33BA /* DownPicker */ = {
			isa = PBXGroup;
			children = (
				2895FE9F1EDF12E1009B33BA /* DownPicker.h */,
				2895FEA01EDF12E1009B33BA /* DownPicker.m */,
				2895FEA11EDF12E1009B33BA /* UIDownPicker.h */,
				2895FEA21EDF12E1009B33BA /* UIDownPicker.m */,
			);
			name = DownPicker;
			sourceTree = "<group>";
		};
/* End PBXGroup section */

/* Begin PBXNativeTarget section */
		2895FE5E1EDEEF09009B33BA /* FamilyTree */ = {
			isa = PBXNativeTarget;
			buildConfigurationList = 2895FE8C1EDEEF09009B33BA /* Build configuration list for PBXNativeTarget "FamilyTree" */;
			buildPhases = (
				2895FE5B1EDEEF09009B33BA /* Sources */,
				2895FE5C1EDEEF09009B33BA /* Frameworks */,
				2895FE5D1EDEEF09009B33BA /* Resources */,
			);
			buildRules = (
			);
			dependencies = (
			);
			name = FamilyTree;
			productName = FamilyTree;
			productReference = 2895FE5F1EDEEF09009B33BA /* FamilyTree.app */;
			productType = "com.apple.product-type.application";
		};
		2895FE771EDEEF09009B33BA /* FamilyTreeTests */ = {
			isa = PBXNativeTarget;
			buildConfigurationList = 2895FE8F1EDEEF09009B33BA /* Build configuration list for PBXNativeTarget "FamilyTreeTests" */;
			buildPhases = (
				2895FE741EDEEF09009B33BA /* Sources */,
				2895FE751EDEEF09009B33BA /* Frameworks */,
				2895FE761EDEEF09009B33BA /* Resources */,
			);
			buildRules = (
			);
			dependencies = (
				2895FE7A1EDEEF09009B33BA /* PBXTargetDependency */,
			);
			name = FamilyTreeTests;
			productName = FamilyTreeTests;
			productReference = 2895FE781EDEEF09009B33BA /* FamilyTreeTests.xctest */;
			productType = "com.apple.product-type.bundle.unit-test";
		};
		2895FE821EDEEF09009B33BA /* FamilyTreeUITests */ = {
			isa = PBXNativeTarget;
			buildConfigurationList = 2895FE921EDEEF09009B33BA /* Build configuration list for PBXNativeTarget "FamilyTreeUITests" */;
			buildPhases = (
				2895FE7F1EDEEF09009B33BA /* Sources */,
				2895FE801EDEEF09009B33BA /* Frameworks */,
				2895FE811EDEEF09009B33BA /* Resources */,
			);
			buildRules = (
			);
			dependencies = (
				2895FE851EDEEF09009B33BA /* PBXTargetDependency */,
			);
			name = FamilyTreeUITests;
			productName = FamilyTreeUITests;
			productReference = 2895FE831EDEEF09009B33BA /* FamilyTreeUITests.xctest */;
			productType = "com.apple.product-type.bundle.ui-testing";
		};
/* End PBXNativeTarget section */

/* Begin PBXProject section */
		2895FE571EDEEF09009B33BA /* Project object */ = {
			isa = PBXProject;
			attributes = {
				LastUpgradeCheck = 0730;
				ORGANIZATIONNAME = Varsha;
				TargetAttributes = {
					2895FE5E1EDEEF09009B33BA = {
						CreatedOnToolsVersion = 7.3.1;
					};
					2895FE771EDEEF09009B33BA = {
						CreatedOnToolsVersion = 7.3.1;
						TestTargetID = 2895FE5E1EDEEF09009B33BA;
					};
					2895FE821EDEEF09009B33BA = {
						CreatedOnToolsVersion = 7.3.1;
						TestTargetID = 2895FE5E1EDEEF09009B33BA;
					};
				};
			};
			buildConfigurationList = 2895FE5A1EDEEF09009B33BA /* Build configuration list for PBXProject "FamilyTree" */;
			compatibilityVersion = "Xcode 3.2";
			developmentRegion = English;
			hasScannedForEncodings = 0;
			knownRegions = (
				en,
				Base,
			);
			mainGroup = 2895FE561EDEEF09009B33BA;
			productRefGroup = 2895FE601EDEEF09009B33BA /* Products */;
			projectDirPath = "";
			projectRoot = "";
			targets = (
				2895FE5E1EDEEF09009B33BA /* FamilyTree */,
				2895FE771EDEEF09009B33BA /* FamilyTreeTests */,
				2895FE821EDEEF09009B33BA /* FamilyTreeUITests */,
			);
		};
/* End PBXProject section */

/* Begin PBXResourcesBuildPhase section */
		2895FE5D1EDEEF09009B33BA /* Resources */ = {
			isa = PBXResourcesBuildPhase;
			buildActionMask = 2147483647;
			files = (
				2895FE721EDEEF09009B33BA /* LaunchScreen.storyboard in Resources */,
				2895FE6F1EDEEF09009B33BA /* Assets.xcassets in Resources */,
				2895FE6D1EDEEF09009B33BA /* Main.storyboard in Resources */,
			);
			runOnlyForDeploymentPostprocessing = 0;
		};
		2895FE761EDEEF09009B33BA /* Resources */ = {
			isa = PBXResourcesBuildPhase;
			buildActionMask = 2147483647;
			files = (
			);
			runOnlyForDeploymentPostprocessing = 0;
		};
		2895FE811EDEEF09009B33BA /* Resources */ = {
			isa = PBXResourcesBuildPhase;
			buildActionMask = 2147483647;
			files = (
			);
			runOnlyForDeploymentPostprocessing = 0;
		};
/* End PBXResourcesBuildPhase section */

/* Begin PBXSourcesBuildPhase section */
		2895FE5B1EDEEF09009B33BA /* Sources */ = {
			isa = PBXSourcesBuildPhase;
			buildActionMask = 2147483647;
			files = (
				2895FE9E1EDF01D3009B33BA /* VHTreeUtility.m in Sources */,
				2895FE6A1EDEEF09009B33BA /* ViewController.m in Sources */,
				2895FEA41EDF12E1009B33BA /* UIDownPicker.m in Sources */,
				2895FE671EDEEF09009B33BA /* AppDelegate.m in Sources */,
				2895FEA31EDF12E1009B33BA /* DownPicker.m in Sources */,
				2895FE641EDEEF09009B33BA /* main.m in Sources */,
				2895FE981EDEFDFD009B33BA /* VHTreeNode.m in Sources */,
			);
			runOnlyForDeploymentPostprocessing = 0;
		};
		2895FE741EDEEF09009B33BA /* Sources */ = {
			isa = PBXSourcesBuildPhase;
			buildActionMask = 2147483647;
			files = (
				2895FE7D1EDEEF09009B33BA /* FamilyTreeTests.m in Sources */,
			);
			runOnlyForDeploymentPostprocessing = 0;
		};
		2895FE7F1EDEEF09009B33BA /* Sources */ = {
			isa = PBXSourcesBuildPhase;
			buildActionMask = 2147483647;
			files = (
				2895FE881EDEEF09009B33BA /* FamilyTreeUITests.m in Sources */,
			);
			runOnlyForDeploymentPostprocessing = 0;
		};
/* End PBXSourcesBuildPhase section */

/* Begin PBXTargetDependency section */
		2895FE7A1EDEEF09009B33BA /* PBXTargetDependency */ = {
			isa = PBXTargetDependency;
			target = 2895FE5E1EDEEF09009B33BA /* FamilyTree */;
			targetProxy = 2895FE791EDEEF09009B33BA /* PBXContainerItemProxy */;
		};
		2895FE851EDEEF09009B33BA /* PBXTargetDependency */ = {
			isa = PBXTargetDependency;
			target = 2895FE5E1EDEEF09009B33BA /* FamilyTree */;
			targetProxy = 2895FE841EDEEF09009B33BA /* PBXContainerItemProxy */;
		};
/* End PBXTargetDependency section */

/* Begin PBXVariantGroup section */
		2895FE6B1EDEEF09009B33BA /* Main.storyboard */ = {
			isa = PBXVariantGroup;
			children = (
				2895FE6C1EDEEF09009B33BA /* Base */,
			);
			name = Main.storyboard;
			sourceTree = "<group>";
		};
		2895FE701EDEEF09009B33BA /* LaunchScreen.storyboard */ = {
			isa = PBXVariantGroup;
			children = (
				2895FE711EDEEF09009B33BA /* Base */,
			);
			name = LaunchScreen.storyboard;
			sourceTree = "<group>";
		};
/* End PBXVariantGroup section */

/* Begin XCBuildConfiguration section */
		2895FE8A1EDEEF09009B33BA /* Debug */ = {
			isa = XCBuildConfiguration;
			buildSettings = {
				ALWAYS_SEARCH_USER_PATHS = NO;
				CLANG_ANALYZER_NONNULL = YES;
				CLANG_CXX_LANGUAGE_STANDARD = "gnu++0x";
				CLANG_CXX_LIBRARY = "libc++";
				CLANG_ENABLE_MODULES = YES;
				CLANG_ENABLE_OBJC_ARC = YES;
				CLANG_WARN_BOOL_CONVERSION = YES;
				CLANG_WARN_CONSTANT_CONVERSION = YES;
				CLANG_WARN_DIRECT_OBJC_ISA_USAGE = YES_ERROR;
				CLANG_WARN_EMPTY_BODY = YES;
				CLANG_WARN_ENUM_CONVERSION = YES;
				CLANG_WARN_INT_CONVERSION = YES;
				CLANG_WARN_OBJC_ROOT_CLASS = YES_ERROR;
				CLANG_WARN_UNREACHABLE_CODE = YES;
				CLANG_WARN__DUPLICATE_METHOD_MATCH = YES;
				"CODE_SIGN_IDENTITY[sdk=iphoneos*]" = "iPhone Developer";
				COPY_PHASE_STRIP = NO;
				DEBUG_INFORMATION_FORMAT = dwarf;
				ENABLE_STRICT_OBJC_MSGSEND = YES;
				ENABLE_TESTABILITY = YES;
				GCC_C_LANGUAGE_STANDARD = gnu99;
				GCC_DYNAMIC_NO_PIC = NO;
				GCC_NO_COMMON_BLOCKS = YES;
				GCC_OPTIMIZATION_LEVEL = 0;
				GCC_PREPROCESSOR_DEFINITIONS = (
					"DEBUG=1",
					"$(inherited)",
				);
				GCC_WARN_64_TO_32_BIT_CONVERSION = YES;
				GCC_WARN_ABOUT_RETURN_TYPE = YES_ERROR;
				GCC_WARN_UNDECLARED_SELECTOR = YES;
				GCC_WARN_UNINITIALIZED_AUTOS = YES_AGGRESSIVE;
				GCC_WARN_UNUSED_FUNCTION = YES;
				GCC_WARN_UNUSED_VARIABLE = YES;
				IPHONEOS_DEPLOYMENT_TARGET = 9.3;
				MTL_ENABLE_DEBUG_INFO = YES;
				ONLY_ACTIVE_ARCH = YES;
				SDKROOT = iphoneos;
			};
			name = Debug;
		};
		2895FE8B1EDEEF09009B33BA /* Release */ = {
			isa = XCBuildConfiguration;
			buildSettings = {
				ALWAYS_SEARCH_USER_PATHS = NO;
				CLANG_ANALYZER_NONNULL = YES;
				CLANG_CXX_LANGUAGE_STANDARD = "gnu++0x";
				CLANG_CXX_LIBRARY = "libc++";
				CLANG_ENABLE_MODULES = YES;
				CLANG_ENABLE_OBJC_ARC = YES;
				CLANG_WARN_BOOL_CONVERSION = YES;
				CLANG_WARN_CONSTANT_CONVERSION = YES;
				CLANG_WARN_DIRECT_OBJC_ISA_USAGE = YES_ERROR;
				CLANG_WARN_EMPTY_BODY = YES;
				CLANG_WARN_ENUM_CONVERSION = YES;
				CLANG_WARN_INT_CONVERSION = YES;
				CLANG_WARN_OBJC_ROOT_CLASS = YES_ERROR;
				CLANG_WARN_UNREACHABLE_CODE = YES;
				CLANG_WARN__DUPLICATE_METHOD_MATCH = YES;
				"CODE_SIGN_IDENTITY[sdk=iphoneos*]" = "iPhone Developer";
				COPY_PHASE_STRIP = NO;
				DEBUG_INFORMATION_FORMAT = "dwarf-with-dsym";
				ENABLE_NS_ASSERTIONS = NO;
				ENABLE_STRICT_OBJC_MSGSEND = YES;
				GCC_C_LANGUAGE_STANDARD = gnu99;
				GCC_NO_COMMON_BLOCKS = YES;
				GCC_WARN_64_TO_32_BIT_CONVERSION = YES;
				GCC_WARN_ABOUT_RETURN_TYPE = YES_ERROR;
				GCC_WARN_UNDECLARED_SELECTOR = YES;
				GCC_WARN_UNINITIALIZED_AUTOS = YES_AGGRESSIVE;
				GCC_WARN_UNUSED_FUNCTION = YES;
				GCC_WARN_UNUSED_VARIABLE = YES;
				IPHONEOS_DEPLOYMENT_TARGET = 9.3;
				MTL_ENABLE_DEBUG_INFO = NO;
				SDKROOT = iphoneos;
				VALIDATE_PRODUCT = YES;
			};
			name = Release;
		};
		2895FE8D1EDEEF09009B33BA /* Debug */ = {
			isa = XCBuildConfiguration;
			buildSettings = {
				ASSETCATALOG_COMPILER_APPICON_NAME = AppIcon;
				INFOPLIST_FILE = FamilyTree/Info.plist;
				LD_RUNPATH_SEARCH_PATHS = "$(inherited) @executable_path/Frameworks";
				PRODUCT_BUNDLE_IDENTIFIER = com.varsha.familytree.FamilyTree;
				PRODUCT_NAME = "$(TARGET_NAME)";
			};
			name = Debug;
		};
		2895FE8E1EDEEF09009B33BA /* Release */ = {
			isa = XCBuildConfiguration;
			buildSettings = {
				ASSETCATALOG_COMPILER_APPICON_NAME = AppIcon;
				INFOPLIST_FILE = FamilyTree/Info.plist;
				LD_RUNPATH_SEARCH_PATHS = "$(inherited) @executable_path/Frameworks";
				PRODUCT_BUNDLE_IDENTIFIER = com.varsha.familytree.FamilyTree;
				PRODUCT_NAME = "$(TARGET_NAME)";
			};
			name = Release;
		};
		2895FE901EDEEF09009B33BA /* Debug */ = {
			isa = XCBuildConfiguration;
			buildSettings = {
				BUNDLE_LOADER = "$(TEST_HOST)";
				INFOPLIST_FILE = FamilyTreeTests/Info.plist;
				LD_RUNPATH_SEARCH_PATHS = "$(inherited) @executable_path/Frameworks @loader_path/Frameworks";
				PRODUCT_BUNDLE_IDENTIFIER = com.varsha.familytree.FamilyTreeTests;
				PRODUCT_NAME = "$(TARGET_NAME)";
				TEST_HOST = "$(BUILT_PRODUCTS_DIR)/FamilyTree.app/FamilyTree";
			};
			name = Debug;
		};
		2895FE911EDEEF09009B33BA /* Release */ = {
			isa = XCBuildConfiguration;
			buildSettings = {
				BUNDLE_LOADER = "$(TEST_HOST)";
				INFOPLIST_FILE = FamilyTreeTests/Info.plist;
				LD_RUNPATH_SEARCH_PATHS = "$(inherited) @executable_path/Frameworks @loader_path/Frameworks";
				PRODUCT_BUNDLE_IDENTIFIER = com.varsha.familytree.FamilyTreeTests;
				PRODUCT_NAME = "$(TARGET_NAME)";
				TEST_HOST = "$(BUILT_PRODUCTS_DIR)/FamilyTree.app/FamilyTree";
			};
			name = Release;
		};
		2895FE931EDEEF09009B33BA /* Debug */ = {
			isa = XCBuildConfiguration;
			buildSettings = {
				INFOPLIST_FILE = FamilyTreeUITests/Info.plist;
				LD_RUNPATH_SEARCH_PATHS = "$(inherited) @executable_path/Frameworks @loader_path/Frameworks";
				PRODUCT_BUNDLE_IDENTIFIER = com.varsha.familytree.FamilyTreeUITests;
				PRODUCT_NAME = "$(TARGET_NAME)";
				TEST_TARGET_NAME = FamilyTree;
			};
			name = Debug;
		};
		2895FE941EDEEF09009B33BA /* Release */ = {
			isa = XCBuildConfiguration;
			buildSettings = {
				INFOPLIST_FILE = FamilyTreeUITests/Info.plist;
				LD_RUNPATH_SEARCH_PATHS = "$(inherited) @executable_path/Frameworks @loader_path/Frameworks";
				PRODUCT_BUNDLE_IDENTIFIER = com.varsha.familytree.FamilyTreeUITests;
				PRODUCT_NAME = "$(TARGET_NAME)";
				TEST_TARGET_NAME = FamilyTree;
			};
			name = Release;
		};
/* End XCBuildConfiguration section */

/* Begin XCConfigurationList section */
		2895FE5A1EDEEF09009B33BA /* Build configuration list for PBXProject "FamilyTree" */ = {
			isa = XCConfigurationList;
			buildConfigurations = (
				2895FE8A1EDEEF09009B33BA /* Debug */,
				2895FE8B1EDEEF09009B33BA /* Release */,
			);
			defaultConfigurationIsVisible = 0;
			defaultConfigurationName = Release;
		};
		2895FE8C1EDEEF09009B33BA /* Build configuration list for PBXNativeTarget "FamilyTree" */ = {
			isa = XCConfigurationList;
			buildConfigurations = (
				2895FE8D1EDEEF09009B33BA /* Debug */,
				2895FE8E1EDEEF09009B33BA /* Release */,
			);
			defaultConfigurationIsVisible = 0;
		};
		2895FE8F1EDEEF09009B33BA /* Build configuration list for PBXNativeTarget "FamilyTreeTests" */ = {
			isa = XCConfigurationList;
			buildConfigurations = (
				2895FE901EDEEF09009B33BA /* Debug */,
				2895FE911EDEEF09009B33BA /* Release */,
			);
			defaultConfigurationIsVisible = 0;
		};
		2895FE921EDEEF09009B33BA /* Build configuration list for PBXNativeTarget "FamilyTreeUITests" */ = {
			isa = XCConfigurationList;
			buildConfigurations = (
				2895FE931EDEEF09009B33BA /* Debug */,
				2895FE941EDEEF09009B33BA /* Release */,
			);
			defaultConfigurationIsVisible = 0;
		};
/* End XCConfigurationList section */
	};
	rootObject = 2895FE571EDEEF09009B33BA /* Project object */;
}
